<?xml version="1.0" encoding="utf-8"?>
<Project ToolsVersion="4.0" xmlns="http://schemas.microsoft.com/developer/msbuild/2003">
  <ItemGroup>
    <Filter Include="소스 파일">
      <UniqueIdentifier>{4FC737F1-C7A5-4376-A066-2A32D752A2FF}</UniqueIdentifier>
      <Extensions>cpp;c;cc;cxx;c++;cppm;ixx;def;odl;idl;hpj;bat;asm;asmx</Extensions>
    </Filter>
    <Filter Include="헤더 파일">
      <UniqueIdentifier>{93995380-89BD-4b04-88EB-625FBE52EBFB}</UniqueIdentifier>
      <Extensions>h;hh;hpp;hxx;h++;hm;inl;inc;ipp;xsd</Extensions>
    </Filter>
    <Filter Include="리소스 파일">
      <UniqueIdentifier>{67DA6AB6-F800-4c08-8B7A-83BB121AAD01}</UniqueIdentifier>
      <Extensions>rc;ico;cur;bmp;dlg;rc2;rct;bin;rgs;gif;jpg;jpeg;jpe;resx;tiff;tif;png;wav;mfcribbon-ms</Extensions>
    </Filter>
    <Filter Include="QUEUE">
      <UniqueIdentifier>{9d9cc856-1370-4f31-98d5-5bd82d368269}</UniqueIdentifier>
    </Filter>
    <Filter Include="Stack">
      <UniqueIdentifier>{1c3c0ccb-02db-427a-b365-b8c0d0da14bd}</UniqueIdentifier>
    </Filter>
    <Filter Include="Tree">
      <UniqueIdentifier>{8ce994ef-519f-470e-ac22-53fd51cfda3e}</UniqueIdentifier>
    </Filter>
  </ItemGroup>
  <ItemGroup>
    <ClCompile Include="Start.cpp">
      <Filter>소스 파일</Filter>
    </ClCompile>
    <ClCompile Include="ListQueue.cpp">
      <Filter>QUEUE</Filter>
    </ClCompile>
    <ClCompile Include="Dequeue.cpp">
      <Filter>QUEUE</Filter>
    </ClCompile>
    <ClCompile Include="Stack.cpp">
      <Filter>Stack</Filter>
    </ClCompile>
    <ClCompile Include="binaryTree.cpp">
      <Filter>Tree</Filter>
    </ClCompile>
  </ItemGroup>
</Project>